{
  "lockfileVersion": 1,
  "configVersion": 1,
  "workspaces": {
    "": {
      "name": "pkgs-site",
      "dependencies": {
        "@knadh/autocomp": "^1.3.0",
        "@knadh/oat": "^0.8.0",
      },
    },
  },
  "packages": {
    "@knadh/autocomp": ["@knadh/autocomp@1.3.0", "", {}, "sha512-Hzs96+KAzICWxmMcp9EpXmZ1Gy+idxknUO/pW16yQkTLxLyU8LCt1z763q74LKNhIONJQywwbVrC8a0YSTuUDQ=="],

    "@knadh/oat": ["@knadh/oat@0.8.0", "", {}, "sha512-vewzv6gLtYUtSE/GXfw7F4prdB29puXrDHvWGcqJkT2SxD6jev1co55LGSqu1gVReoB9ej5LZdceJO5bk2lRaQ=="],
  }
}
